
Microsoft Visual Studio Solution File, Format Version 12.00
# Visual Studio 15
VisualStudioVersion = 15.0.28010.2046
MinimumVisualStudioVersion = 10.0.40219.1
Project("{FAE04EC0-301F-11D3-BF4B-00C04F79EFBC}") = "UI", "UI\UI.csproj", "{70001259-8C72-46B0-B3BD-87676D8D81FE}"
EndProject
Project("{FAE04EC0-301F-11D3-BF4B-00C04F79EFBC}") = "BackEnd", "BackEnd\BackEnd.csproj", "{5ECC63AE-3D28-4C17-AE42-7CF6C5E87619}"
EndProject
Global
	GlobalSection(SolutionConfigurationPlatforms) = preSolution
		Debug|Any CPU = Debug|Any CPU
		Debug|x64 = Debug|x64
		Debug|x86 = Debug|x86
		Release|Any CPU = Release|Any CPU
		Release|x64 = Release|x64
		Release|x86 = Release|x86
	EndGlobalSection
	GlobalSection(ProjectConfigurationPlatforms) = postSolution
		{70001259-8C72-46B0-B3BD-87676D8D81FE}.Debug|Any CPU.ActiveCfg = Debug|Any CPU
		{70001259-8C72-46B0-B3BD-87676D8D81FE}.Debug|Any CPU.Build.0 = Debug|Any CPU
		{70001259-8C72-46B0-B3BD-87676D8D81FE}.Debug|x64.ActiveCfg = Debug|Any CPU
		{70001259-8C72-46B0-B3BD-87676D8D81FE}.Debug|x64.Build.0 = Debug|Any CPU
		{70001259-8C72-46B0-B3BD-87676D8D81FE}.Debug|x86.ActiveCfg = Debug|Any CPU
		{70001259-8C72-46B0-B3BD-87676D8D81FE}.Debug|x86.Build.0 = Debug|Any CPU
		{70001259-8C72-46B0-B3BD-87676D8D81FE}.Release|Any CPU.ActiveCfg = Release|Any CPU
		{70001259-8C72-46B0-B3BD-87676D8D81FE}.Release|Any CPU.Build.0 = Release|Any CPU
		{70001259-8C72-46B0-B3BD-87676D8D81FE}.Release|x64.ActiveCfg = Release|Any CPU
		{70001259-8C72-46B0-B3BD-87676D8D81FE}.Release|x64.Build.0 = Release|Any CPU
		{70001259-8C72-46B0-B3BD-87676D8D81FE}.Release|x86.ActiveCfg = Release|Any CPU
		{70001259-8C72-46B0-B3BD-87676D8D81FE}.Release|x86.Build.0 = Release|Any CPU
		{5ECC63AE-3D28-4C17-AE42-7CF6C5E87619}.Debug|Any CPU.ActiveCfg = Debug|Any CPU
		{5ECC63AE-3D28-4C17-AE42-7CF6C5E87619}.Debug|Any CPU.Build.0 = Debug|Any CPU
		{5ECC63AE-3D28-4C17-AE42-7CF6C5E87619}.Debug|x64.ActiveCfg = Debug|Any CPU
		{5ECC63AE-3D28-4C17-AE42-7CF6C5E87619}.Debug|x64.Build.0 = Debug|Any CPU
		{5ECC63AE-3D28-4C17-AE42-7CF6C5E87619}.Debug|x86.ActiveCfg = Debug|Any CPU
		{5ECC63AE-3D28-4C17-AE42-7CF6C5E87619}.Debug|x86.Build.0 = Debug|Any CPU
		{5ECC63AE-3D28-4C17-AE42-7CF6C5E87619}.Release|Any CPU.ActiveCfg = Release|Any CPU
		{5ECC63AE-3D28-4C17-AE42-7CF6C5E87619}.Release|Any CPU.Build.0 = Release|Any CPU
		{5ECC63AE-3D28-4C17-AE42-7CF6C5E87619}.Release|x64.ActiveCfg = Release|Any CPU
		{5ECC63AE-3D28-4C17-AE42-7CF6C5E87619}.Release|x64.Build.0 = Release|Any CPU
		{5ECC63AE-3D28-4C17-AE42-7CF6C5E87619}.Release|x86.ActiveCfg = Release|Any CPU
		{5ECC63AE-3D28-4C17-AE42-7CF6C5E87619}.Release|x86.Build.0 = Release|Any CPU
	EndGlobalSection
	GlobalSection(SolutionProperties) = preSolution
		HideSolutionNode = FALSE
	EndGlobalSection
	GlobalSection(ExtensibilityGlobals) = postSolution
		SolutionGuid = {7B613D97-BDCF-4B38-BA78-B9382B1A5177}
	EndGlobalSection
EndGlobal
