
Microsoft Visual Studio Solution File, Format Version 12.00
# Visual Studio 15
VisualStudioVersion = 15.0.27004.2009
MinimumVisualStudioVersion = 10.0.40219.1
Project("{FAE04EC0-301F-11D3-BF4B-00C04F79EFBC}") = "Abstract Factory", "Design Patterns\Abstract Factory.csproj", "{520AB57B-DEE1-4BF1-BA73-E6F12B052F9A}"
EndProject
Project("{2150E333-8FDC-42A3-9474-1A3956D46DE8}") = "Behavioral", "Behavioral", "{EE8B6ED6-0721-4CA9-8D92-FEF1F2F6FC1E}"
EndProject
Project("{2150E333-8FDC-42A3-9474-1A3956D46DE8}") = "Concurrency", "Concurrency", "{5CDBAD55-53A1-4783-A929-EF07B9BDE860}"
EndProject
Project("{2150E333-8FDC-42A3-9474-1A3956D46DE8}") = "Creational", "Creational", "{C35DA563-9F32-4302-8AA9-D36634C0FA36}"
EndProject
Project("{2150E333-8FDC-42A3-9474-1A3956D46DE8}") = "Structural", "Structural", "{56927B5E-D7ED-4173-907B-5AB2FBD78B43}"
EndProject
Project("{FAE04EC0-301F-11D3-BF4B-00C04F79EFBC}") = "Builder", "Builder\Builder.csproj", "{5FAA0258-4018-4416-92D5-BF17BD44F5FB}"
EndProject
Project("{FAE04EC0-301F-11D3-BF4B-00C04F79EFBC}") = "Dependency Injection", "Dependency Injection\Dependency Injection.csproj", "{BE314321-21C4-431B-AE0B-DDCF43D6095F}"
EndProject
Project("{FAE04EC0-301F-11D3-BF4B-00C04F79EFBC}") = "Factory method", "Factory method\Factory method.csproj", "{92195799-AB74-4D6F-BD66-651A5CB7FF13}"
EndProject
Project("{FAE04EC0-301F-11D3-BF4B-00C04F79EFBC}") = "Lazy initialization", "Lazy initialization\Lazy initialization.csproj", "{8CDFB055-803D-449B-AF45-8F49310D38D9}"
EndProject
Project("{FAE04EC0-301F-11D3-BF4B-00C04F79EFBC}") = "Multiton", "Multiton\Multiton.csproj", "{0402C9A6-FAB8-4AD4-BF3C-C21AE1C687E2}"
EndProject
Project("{FAE04EC0-301F-11D3-BF4B-00C04F79EFBC}") = "Object pool", "Object pool\Object pool.csproj", "{53CEB30A-9F29-400D-B8CB-63C55B6B212A}"
EndProject
Project("{FAE04EC0-301F-11D3-BF4B-00C04F79EFBC}") = "Prototype", "Prototype\Prototype.csproj", "{A68FEA23-02A9-41F0-B10F-2A9CFB184C6C}"
EndProject
Project("{FAE04EC0-301F-11D3-BF4B-00C04F79EFBC}") = "Resource acquisition is initialization", "Resource acquisition is initialization\Resource acquisition is initialization.csproj", "{5616DE94-0657-4286-AD45-02B50C692B74}"
EndProject
Project("{FAE04EC0-301F-11D3-BF4B-00C04F79EFBC}") = "Singleton", "Singleton\Singleton.csproj", "{2305597D-F166-48B8-9286-C75311AF50CA}"
EndProject
Project("{FAE04EC0-301F-11D3-BF4B-00C04F79EFBC}") = "Adapter", "Adapter\Adapter.csproj", "{F3CB4D49-42C0-4CB4-93E6-37D2EE6E1743}"
EndProject
Project("{FAE04EC0-301F-11D3-BF4B-00C04F79EFBC}") = "Bridge", "Bridge\Bridge.csproj", "{DFB79BEE-1248-4D10-97E5-ADB594D4C87A}"
EndProject
Project("{FAE04EC0-301F-11D3-BF4B-00C04F79EFBC}") = "Composite", "Composite\Composite.csproj", "{7470C6F4-3D9A-49C5-AE9F-F11AB195ED2D}"
EndProject
Project("{FAE04EC0-301F-11D3-BF4B-00C04F79EFBC}") = "Decorator", "Decorator\Decorator.csproj", "{C837035F-AFE6-4AD9-B2C2-A4F8938B1551}"
EndProject
Project("{FAE04EC0-301F-11D3-BF4B-00C04F79EFBC}") = "Extension object", "Extension object\Extension object.csproj", "{5FD81083-33EC-4A44-A100-BC434BC8B480}"
EndProject
Project("{FAE04EC0-301F-11D3-BF4B-00C04F79EFBC}") = "Facade", "Facade\Facade.csproj", "{6DA2F99C-040B-4E20-A12A-3B09F706F17F}"
EndProject
Project("{FAE04EC0-301F-11D3-BF4B-00C04F79EFBC}") = "Flyweight", "Flyweight\Flyweight.csproj", "{3D0B72C3-15B4-440A-A8C8-FF53A5B99D4F}"
EndProject
Project("{FAE04EC0-301F-11D3-BF4B-00C04F79EFBC}") = "Front controller", "Front controller\Front controller.csproj", "{C3FD0212-036C-4370-BADA-EE916D21CBA4}"
EndProject
Project("{FAE04EC0-301F-11D3-BF4B-00C04F79EFBC}") = "Marker", "Marker\Marker.csproj", "{BFD35694-7ECC-4278-913E-17572F708524}"
EndProject
Project("{FAE04EC0-301F-11D3-BF4B-00C04F79EFBC}") = "Module", "Module\Module.csproj", "{F4203078-0F8F-4590-8EF0-03C7D425DAB8}"
EndProject
Project("{FAE04EC0-301F-11D3-BF4B-00C04F79EFBC}") = "Proxy", "Proxy\Proxy.csproj", "{D4CBFEBD-2407-4C1E-99B0-D1170A5F9EFD}"
EndProject
Project("{FAE04EC0-301F-11D3-BF4B-00C04F79EFBC}") = "Twin", "Twin\Twin.csproj", "{696463D8-6A08-4BD5-B6A8-FDD9DB4F8AD4}"
EndProject
Project("{FAE04EC0-301F-11D3-BF4B-00C04F79EFBC}") = "Blackboard", "Blackboard\Blackboard.csproj", "{2FBCF4F5-F731-4ADC-B48E-1B12D0F10BD4}"
EndProject
Project("{FAE04EC0-301F-11D3-BF4B-00C04F79EFBC}") = "Chain of responsibility", "Chain of responsibility\Chain of responsibility.csproj", "{0A79D783-5CCD-408C-89FF-77CCCB53192C}"
EndProject
Project("{FAE04EC0-301F-11D3-BF4B-00C04F79EFBC}") = "Command", "Command\Command.csproj", "{F9CED454-5869-473F-B6B6-9E962B1DD5EB}"
EndProject
Project("{FAE04EC0-301F-11D3-BF4B-00C04F79EFBC}") = "Interpreter", "Interpreter\Interpreter.csproj", "{999A09AA-5443-4370-88F7-696403F2B5A2}"
EndProject
Project("{FAE04EC0-301F-11D3-BF4B-00C04F79EFBC}") = "Iterator", "Iterator\Iterator.csproj", "{9532A0D8-B8B6-4511-AC99-E36EDF691BBE}"
EndProject
Project("{FAE04EC0-301F-11D3-BF4B-00C04F79EFBC}") = "Mediator", "Mediator\Mediator.csproj", "{1F262335-83A7-4784-9779-EFCE54815DE4}"
EndProject
Project("{FAE04EC0-301F-11D3-BF4B-00C04F79EFBC}") = "Memento", "Memento\Memento.csproj", "{25CA0EE1-EFE8-421E-B3EB-E1E0BBE96E81}"
EndProject
Project("{FAE04EC0-301F-11D3-BF4B-00C04F79EFBC}") = "Null object", "Null object\Null object.csproj", "{8D19345E-CC70-4170-8F97-4A9CC3FEE9A1}"
EndProject
Project("{FAE04EC0-301F-11D3-BF4B-00C04F79EFBC}") = "Observer", "Observer\Observer.csproj", "{57566084-73A4-4E53-8734-B2E0F0CDBBDA}"
EndProject
Project("{FAE04EC0-301F-11D3-BF4B-00C04F79EFBC}") = "Servant", "Servant\Servant.csproj", "{0CA91D00-8E38-4B1F-9D8B-35DF91BE3B45}"
EndProject
Project("{FAE04EC0-301F-11D3-BF4B-00C04F79EFBC}") = "Specification", "Specification\Specification.csproj", "{B836BF68-9DB7-49D6-94E7-629EC2E51B75}"
EndProject
Project("{FAE04EC0-301F-11D3-BF4B-00C04F79EFBC}") = "State", "State\State.csproj", "{32F56645-E481-4D2F-A22B-1770E67C7593}"
EndProject
Project("{FAE04EC0-301F-11D3-BF4B-00C04F79EFBC}") = "Strategy", "Strategy\Strategy.csproj", "{1108BEF0-8738-4187-8B18-2FA3319C5CA6}"
EndProject
Project("{FAE04EC0-301F-11D3-BF4B-00C04F79EFBC}") = "Template method", "Template method\Template method.csproj", "{7610A996-D5E4-4EA8-BACF-D823F44B51B5}"
EndProject
Project("{FAE04EC0-301F-11D3-BF4B-00C04F79EFBC}") = "Visitor", "Visitor\Visitor.csproj", "{D3E27A9D-6DA3-48FE-AA25-AA0E9B084C10}"
EndProject
Project("{FAE04EC0-301F-11D3-BF4B-00C04F79EFBC}") = "Active Object", "Active Object\Active Object.csproj", "{5D5E182B-36E8-4E9C-827F-D466ACFA7924}"
EndProject
Project("{FAE04EC0-301F-11D3-BF4B-00C04F79EFBC}") = "Balking", "Balking\Balking.csproj", "{D755FF89-2007-44F4-9AE0-9DE4E1CD5C3B}"
EndProject
Project("{FAE04EC0-301F-11D3-BF4B-00C04F79EFBC}") = "Binding properties", "Binding properties\Binding properties.csproj", "{B8F8EFFC-6518-4289-9DDC-003478886691}"
EndProject
Project("{FAE04EC0-301F-11D3-BF4B-00C04F79EFBC}") = "Blockchain", "Blockchain\Blockchain.csproj", "{BE9F9D4F-2AFB-4BDA-92B8-24B9305F61EB}"
EndProject
Project("{FAE04EC0-301F-11D3-BF4B-00C04F79EFBC}") = "Compute kernel", "Compute kernel\Compute kernel.csproj", "{EA6432DD-F974-4305-97F1-4141912E9B09}"
EndProject
Project("{FAE04EC0-301F-11D3-BF4B-00C04F79EFBC}") = "Double-checked locking", "Double-checked locking\Double-checked locking.csproj", "{C63D8465-1441-4538-8538-DAF0772101EA}"
EndProject
Project("{FAE04EC0-301F-11D3-BF4B-00C04F79EFBC}") = "Event-based asynchronous", "Event-based asynchronous\Event-based asynchronous.csproj", "{4C0A9E8D-65AF-42A7-ADF4-7D6394C720EE}"
EndProject
Project("{FAE04EC0-301F-11D3-BF4B-00C04F79EFBC}") = "Guarded suspension", "Guarded suspension\Guarded suspension.csproj", "{B84EEC29-FEB5-4B77-BCC1-1829737EC2E6}"
EndProject
Project("{FAE04EC0-301F-11D3-BF4B-00C04F79EFBC}") = "Join", "Join\Join.csproj", "{0921F8C0-4486-4969-B92B-89C8522FCE4E}"
EndProject
Project("{FAE04EC0-301F-11D3-BF4B-00C04F79EFBC}") = "Lock", "Lock\Lock.csproj", "{42F25323-D4DD-42A7-9388-4FA3E57966EF}"
EndProject
Project("{FAE04EC0-301F-11D3-BF4B-00C04F79EFBC}") = "Messaging design pattern", "Messaging design pattern\Messaging design pattern.csproj", "{00CE4653-4D5E-44F8-87D9-D536DC817C12}"
EndProject
Project("{FAE04EC0-301F-11D3-BF4B-00C04F79EFBC}") = "Monitor object", "Monitor object\Monitor object.csproj", "{CF5589C5-22EB-4757-B293-80B329A7FC3C}"
EndProject
Project("{FAE04EC0-301F-11D3-BF4B-00C04F79EFBC}") = "Reactor", "Reactor\Reactor.csproj", "{0C3EAED0-7489-4E43-99CC-BE9F87767F17}"
EndProject
Project("{FAE04EC0-301F-11D3-BF4B-00C04F79EFBC}") = "Read-write lock", "Read-write lock\Read-write lock.csproj", "{1FA739D7-56BB-4BC1-9763-FA2457A6457D}"
EndProject
Project("{FAE04EC0-301F-11D3-BF4B-00C04F79EFBC}") = "Scheduler", "Scheduler\Scheduler.csproj", "{BACBC97D-0B09-4063-B010-8E65B870EB21}"
EndProject
Project("{FAE04EC0-301F-11D3-BF4B-00C04F79EFBC}") = "Thread pool", "Thread pool\Thread pool.csproj", "{699EF8C3-AA46-4C00-9D75-C30D21B61972}"
EndProject
Project("{FAE04EC0-301F-11D3-BF4B-00C04F79EFBC}") = "Thread-specific storage", "Thread-specific storage\Thread-specific storage.csproj", "{A7D410A3-1A23-44E5-8351-BBA4B5CFE9EA}"
EndProject
Global
	GlobalSection(SolutionConfigurationPlatforms) = preSolution
		Debug|Any CPU = Debug|Any CPU
		Release|Any CPU = Release|Any CPU
	EndGlobalSection
	GlobalSection(ProjectConfigurationPlatforms) = postSolution
		{520AB57B-DEE1-4BF1-BA73-E6F12B052F9A}.Debug|Any CPU.ActiveCfg = Debug|Any CPU
		{520AB57B-DEE1-4BF1-BA73-E6F12B052F9A}.Debug|Any CPU.Build.0 = Debug|Any CPU
		{520AB57B-DEE1-4BF1-BA73-E6F12B052F9A}.Release|Any CPU.ActiveCfg = Release|Any CPU
		{520AB57B-DEE1-4BF1-BA73-E6F12B052F9A}.Release|Any CPU.Build.0 = Release|Any CPU
		{5FAA0258-4018-4416-92D5-BF17BD44F5FB}.Debug|Any CPU.ActiveCfg = Debug|Any CPU
		{5FAA0258-4018-4416-92D5-BF17BD44F5FB}.Debug|Any CPU.Build.0 = Debug|Any CPU
		{5FAA0258-4018-4416-92D5-BF17BD44F5FB}.Release|Any CPU.ActiveCfg = Release|Any CPU
		{5FAA0258-4018-4416-92D5-BF17BD44F5FB}.Release|Any CPU.Build.0 = Release|Any CPU
		{BE314321-21C4-431B-AE0B-DDCF43D6095F}.Debug|Any CPU.ActiveCfg = Debug|Any CPU
		{BE314321-21C4-431B-AE0B-DDCF43D6095F}.Debug|Any CPU.Build.0 = Debug|Any CPU
		{BE314321-21C4-431B-AE0B-DDCF43D6095F}.Release|Any CPU.ActiveCfg = Release|Any CPU
		{BE314321-21C4-431B-AE0B-DDCF43D6095F}.Release|Any CPU.Build.0 = Release|Any CPU
		{92195799-AB74-4D6F-BD66-651A5CB7FF13}.Debug|Any CPU.ActiveCfg = Debug|Any CPU
		{92195799-AB74-4D6F-BD66-651A5CB7FF13}.Debug|Any CPU.Build.0 = Debug|Any CPU
		{92195799-AB74-4D6F-BD66-651A5CB7FF13}.Release|Any CPU.ActiveCfg = Release|Any CPU
		{92195799-AB74-4D6F-BD66-651A5CB7FF13}.Release|Any CPU.Build.0 = Release|Any CPU
		{8CDFB055-803D-449B-AF45-8F49310D38D9}.Debug|Any CPU.ActiveCfg = Debug|Any CPU
		{8CDFB055-803D-449B-AF45-8F49310D38D9}.Debug|Any CPU.Build.0 = Debug|Any CPU
		{8CDFB055-803D-449B-AF45-8F49310D38D9}.Release|Any CPU.ActiveCfg = Release|Any CPU
		{8CDFB055-803D-449B-AF45-8F49310D38D9}.Release|Any CPU.Build.0 = Release|Any CPU
		{0402C9A6-FAB8-4AD4-BF3C-C21AE1C687E2}.Debug|Any CPU.ActiveCfg = Debug|Any CPU
		{0402C9A6-FAB8-4AD4-BF3C-C21AE1C687E2}.Debug|Any CPU.Build.0 = Debug|Any CPU
		{0402C9A6-FAB8-4AD4-BF3C-C21AE1C687E2}.Release|Any CPU.ActiveCfg = Release|Any CPU
		{0402C9A6-FAB8-4AD4-BF3C-C21AE1C687E2}.Release|Any CPU.Build.0 = Release|Any CPU
		{53CEB30A-9F29-400D-B8CB-63C55B6B212A}.Debug|Any CPU.ActiveCfg = Debug|Any CPU
		{53CEB30A-9F29-400D-B8CB-63C55B6B212A}.Debug|Any CPU.Build.0 = Debug|Any CPU
		{53CEB30A-9F29-400D-B8CB-63C55B6B212A}.Release|Any CPU.ActiveCfg = Release|Any CPU
		{53CEB30A-9F29-400D-B8CB-63C55B6B212A}.Release|Any CPU.Build.0 = Release|Any CPU
		{A68FEA23-02A9-41F0-B10F-2A9CFB184C6C}.Debug|Any CPU.ActiveCfg = Debug|Any CPU
		{A68FEA23-02A9-41F0-B10F-2A9CFB184C6C}.Debug|Any CPU.Build.0 = Debug|Any CPU
		{A68FEA23-02A9-41F0-B10F-2A9CFB184C6C}.Release|Any CPU.ActiveCfg = Release|Any CPU
		{A68FEA23-02A9-41F0-B10F-2A9CFB184C6C}.Release|Any CPU.Build.0 = Release|Any CPU
		{5616DE94-0657-4286-AD45-02B50C692B74}.Debug|Any CPU.ActiveCfg = Debug|Any CPU
		{5616DE94-0657-4286-AD45-02B50C692B74}.Debug|Any CPU.Build.0 = Debug|Any CPU
		{5616DE94-0657-4286-AD45-02B50C692B74}.Release|Any CPU.ActiveCfg = Release|Any CPU
		{5616DE94-0657-4286-AD45-02B50C692B74}.Release|Any CPU.Build.0 = Release|Any CPU
		{2305597D-F166-48B8-9286-C75311AF50CA}.Debug|Any CPU.ActiveCfg = Debug|Any CPU
		{2305597D-F166-48B8-9286-C75311AF50CA}.Debug|Any CPU.Build.0 = Debug|Any CPU
		{2305597D-F166-48B8-9286-C75311AF50CA}.Release|Any CPU.ActiveCfg = Release|Any CPU
		{2305597D-F166-48B8-9286-C75311AF50CA}.Release|Any CPU.Build.0 = Release|Any CPU
		{F3CB4D49-42C0-4CB4-93E6-37D2EE6E1743}.Debug|Any CPU.ActiveCfg = Debug|Any CPU
		{F3CB4D49-42C0-4CB4-93E6-37D2EE6E1743}.Debug|Any CPU.Build.0 = Debug|Any CPU
		{F3CB4D49-42C0-4CB4-93E6-37D2EE6E1743}.Release|Any CPU.ActiveCfg = Release|Any CPU
		{F3CB4D49-42C0-4CB4-93E6-37D2EE6E1743}.Release|Any CPU.Build.0 = Release|Any CPU
		{DFB79BEE-1248-4D10-97E5-ADB594D4C87A}.Debug|Any CPU.ActiveCfg = Debug|Any CPU
		{DFB79BEE-1248-4D10-97E5-ADB594D4C87A}.Debug|Any CPU.Build.0 = Debug|Any CPU
		{DFB79BEE-1248-4D10-97E5-ADB594D4C87A}.Release|Any CPU.ActiveCfg = Release|Any CPU
		{DFB79BEE-1248-4D10-97E5-ADB594D4C87A}.Release|Any CPU.Build.0 = Release|Any CPU
		{7470C6F4-3D9A-49C5-AE9F-F11AB195ED2D}.Debug|Any CPU.ActiveCfg = Debug|Any CPU
		{7470C6F4-3D9A-49C5-AE9F-F11AB195ED2D}.Debug|Any CPU.Build.0 = Debug|Any CPU
		{7470C6F4-3D9A-49C5-AE9F-F11AB195ED2D}.Release|Any CPU.ActiveCfg = Release|Any CPU
		{7470C6F4-3D9A-49C5-AE9F-F11AB195ED2D}.Release|Any CPU.Build.0 = Release|Any CPU
		{C837035F-AFE6-4AD9-B2C2-A4F8938B1551}.Debug|Any CPU.ActiveCfg = Debug|Any CPU
		{C837035F-AFE6-4AD9-B2C2-A4F8938B1551}.Debug|Any CPU.Build.0 = Debug|Any CPU
		{C837035F-AFE6-4AD9-B2C2-A4F8938B1551}.Release|Any CPU.ActiveCfg = Release|Any CPU
		{C837035F-AFE6-4AD9-B2C2-A4F8938B1551}.Release|Any CPU.Build.0 = Release|Any CPU
		{5FD81083-33EC-4A44-A100-BC434BC8B480}.Debug|Any CPU.ActiveCfg = Debug|Any CPU
		{5FD81083-33EC-4A44-A100-BC434BC8B480}.Debug|Any CPU.Build.0 = Debug|Any CPU
		{5FD81083-33EC-4A44-A100-BC434BC8B480}.Release|Any CPU.ActiveCfg = Release|Any CPU
		{5FD81083-33EC-4A44-A100-BC434BC8B480}.Release|Any CPU.Build.0 = Release|Any CPU
		{6DA2F99C-040B-4E20-A12A-3B09F706F17F}.Debug|Any CPU.ActiveCfg = Debug|Any CPU
		{6DA2F99C-040B-4E20-A12A-3B09F706F17F}.Debug|Any CPU.Build.0 = Debug|Any CPU
		{6DA2F99C-040B-4E20-A12A-3B09F706F17F}.Release|Any CPU.ActiveCfg = Release|Any CPU
		{6DA2F99C-040B-4E20-A12A-3B09F706F17F}.Release|Any CPU.Build.0 = Release|Any CPU
		{3D0B72C3-15B4-440A-A8C8-FF53A5B99D4F}.Debug|Any CPU.ActiveCfg = Debug|Any CPU
		{3D0B72C3-15B4-440A-A8C8-FF53A5B99D4F}.Debug|Any CPU.Build.0 = Debug|Any CPU
		{3D0B72C3-15B4-440A-A8C8-FF53A5B99D4F}.Release|Any CPU.ActiveCfg = Release|Any CPU
		{3D0B72C3-15B4-440A-A8C8-FF53A5B99D4F}.Release|Any CPU.Build.0 = Release|Any CPU
		{C3FD0212-036C-4370-BADA-EE916D21CBA4}.Debug|Any CPU.ActiveCfg = Debug|Any CPU
		{C3FD0212-036C-4370-BADA-EE916D21CBA4}.Debug|Any CPU.Build.0 = Debug|Any CPU
		{C3FD0212-036C-4370-BADA-EE916D21CBA4}.Release|Any CPU.ActiveCfg = Release|Any CPU
		{C3FD0212-036C-4370-BADA-EE916D21CBA4}.Release|Any CPU.Build.0 = Release|Any CPU
		{BFD35694-7ECC-4278-913E-17572F708524}.Debug|Any CPU.ActiveCfg = Debug|Any CPU
		{BFD35694-7ECC-4278-913E-17572F708524}.Debug|Any CPU.Build.0 = Debug|Any CPU
		{BFD35694-7ECC-4278-913E-17572F708524}.Release|Any CPU.ActiveCfg = Release|Any CPU
		{BFD35694-7ECC-4278-913E-17572F708524}.Release|Any CPU.Build.0 = Release|Any CPU
		{F4203078-0F8F-4590-8EF0-03C7D425DAB8}.Debug|Any CPU.ActiveCfg = Debug|Any CPU
		{F4203078-0F8F-4590-8EF0-03C7D425DAB8}.Debug|Any CPU.Build.0 = Debug|Any CPU
		{F4203078-0F8F-4590-8EF0-03C7D425DAB8}.Release|Any CPU.ActiveCfg = Release|Any CPU
		{F4203078-0F8F-4590-8EF0-03C7D425DAB8}.Release|Any CPU.Build.0 = Release|Any CPU
		{D4CBFEBD-2407-4C1E-99B0-D1170A5F9EFD}.Debug|Any CPU.ActiveCfg = Debug|Any CPU
		{D4CBFEBD-2407-4C1E-99B0-D1170A5F9EFD}.Debug|Any CPU.Build.0 = Debug|Any CPU
		{D4CBFEBD-2407-4C1E-99B0-D1170A5F9EFD}.Release|Any CPU.ActiveCfg = Release|Any CPU
		{D4CBFEBD-2407-4C1E-99B0-D1170A5F9EFD}.Release|Any CPU.Build.0 = Release|Any CPU
		{696463D8-6A08-4BD5-B6A8-FDD9DB4F8AD4}.Debug|Any CPU.ActiveCfg = Debug|Any CPU
		{696463D8-6A08-4BD5-B6A8-FDD9DB4F8AD4}.Debug|Any CPU.Build.0 = Debug|Any CPU
		{696463D8-6A08-4BD5-B6A8-FDD9DB4F8AD4}.Release|Any CPU.ActiveCfg = Release|Any CPU
		{696463D8-6A08-4BD5-B6A8-FDD9DB4F8AD4}.Release|Any CPU.Build.0 = Release|Any CPU
		{2FBCF4F5-F731-4ADC-B48E-1B12D0F10BD4}.Debug|Any CPU.ActiveCfg = Debug|Any CPU
		{2FBCF4F5-F731-4ADC-B48E-1B12D0F10BD4}.Debug|Any CPU.Build.0 = Debug|Any CPU
		{2FBCF4F5-F731-4ADC-B48E-1B12D0F10BD4}.Release|Any CPU.ActiveCfg = Release|Any CPU
		{2FBCF4F5-F731-4ADC-B48E-1B12D0F10BD4}.Release|Any CPU.Build.0 = Release|Any CPU
		{0A79D783-5CCD-408C-89FF-77CCCB53192C}.Debug|Any CPU.ActiveCfg = Debug|Any CPU
		{0A79D783-5CCD-408C-89FF-77CCCB53192C}.Debug|Any CPU.Build.0 = Debug|Any CPU
		{0A79D783-5CCD-408C-89FF-77CCCB53192C}.Release|Any CPU.ActiveCfg = Release|Any CPU
		{0A79D783-5CCD-408C-89FF-77CCCB53192C}.Release|Any CPU.Build.0 = Release|Any CPU
		{F9CED454-5869-473F-B6B6-9E962B1DD5EB}.Debug|Any CPU.ActiveCfg = Debug|Any CPU
		{F9CED454-5869-473F-B6B6-9E962B1DD5EB}.Debug|Any CPU.Build.0 = Debug|Any CPU
		{F9CED454-5869-473F-B6B6-9E962B1DD5EB}.Release|Any CPU.ActiveCfg = Release|Any CPU
		{F9CED454-5869-473F-B6B6-9E962B1DD5EB}.Release|Any CPU.Build.0 = Release|Any CPU
		{999A09AA-5443-4370-88F7-696403F2B5A2}.Debug|Any CPU.ActiveCfg = Debug|Any CPU
		{999A09AA-5443-4370-88F7-696403F2B5A2}.Debug|Any CPU.Build.0 = Debug|Any CPU
		{999A09AA-5443-4370-88F7-696403F2B5A2}.Release|Any CPU.ActiveCfg = Release|Any CPU
		{999A09AA-5443-4370-88F7-696403F2B5A2}.Release|Any CPU.Build.0 = Release|Any CPU
		{9532A0D8-B8B6-4511-AC99-E36EDF691BBE}.Debug|Any CPU.ActiveCfg = Debug|Any CPU
		{9532A0D8-B8B6-4511-AC99-E36EDF691BBE}.Debug|Any CPU.Build.0 = Debug|Any CPU
		{9532A0D8-B8B6-4511-AC99-E36EDF691BBE}.Release|Any CPU.ActiveCfg = Release|Any CPU
		{9532A0D8-B8B6-4511-AC99-E36EDF691BBE}.Release|Any CPU.Build.0 = Release|Any CPU
		{1F262335-83A7-4784-9779-EFCE54815DE4}.Debug|Any CPU.ActiveCfg = Debug|Any CPU
		{1F262335-83A7-4784-9779-EFCE54815DE4}.Debug|Any CPU.Build.0 = Debug|Any CPU
		{1F262335-83A7-4784-9779-EFCE54815DE4}.Release|Any CPU.ActiveCfg = Release|Any CPU
		{1F262335-83A7-4784-9779-EFCE54815DE4}.Release|Any CPU.Build.0 = Release|Any CPU
		{25CA0EE1-EFE8-421E-B3EB-E1E0BBE96E81}.Debug|Any CPU.ActiveCfg = Debug|Any CPU
		{25CA0EE1-EFE8-421E-B3EB-E1E0BBE96E81}.Debug|Any CPU.Build.0 = Debug|Any CPU
		{25CA0EE1-EFE8-421E-B3EB-E1E0BBE96E81}.Release|Any CPU.ActiveCfg = Release|Any CPU
		{25CA0EE1-EFE8-421E-B3EB-E1E0BBE96E81}.Release|Any CPU.Build.0 = Release|Any CPU
		{8D19345E-CC70-4170-8F97-4A9CC3FEE9A1}.Debug|Any CPU.ActiveCfg = Debug|Any CPU
		{8D19345E-CC70-4170-8F97-4A9CC3FEE9A1}.Debug|Any CPU.Build.0 = Debug|Any CPU
		{8D19345E-CC70-4170-8F97-4A9CC3FEE9A1}.Release|Any CPU.ActiveCfg = Release|Any CPU
		{8D19345E-CC70-4170-8F97-4A9CC3FEE9A1}.Release|Any CPU.Build.0 = Release|Any CPU
		{57566084-73A4-4E53-8734-B2E0F0CDBBDA}.Debug|Any CPU.ActiveCfg = Debug|Any CPU
		{57566084-73A4-4E53-8734-B2E0F0CDBBDA}.Debug|Any CPU.Build.0 = Debug|Any CPU
		{57566084-73A4-4E53-8734-B2E0F0CDBBDA}.Release|Any CPU.ActiveCfg = Release|Any CPU
		{57566084-73A4-4E53-8734-B2E0F0CDBBDA}.Release|Any CPU.Build.0 = Release|Any CPU
		{0CA91D00-8E38-4B1F-9D8B-35DF91BE3B45}.Debug|Any CPU.ActiveCfg = Debug|Any CPU
		{0CA91D00-8E38-4B1F-9D8B-35DF91BE3B45}.Debug|Any CPU.Build.0 = Debug|Any CPU
		{0CA91D00-8E38-4B1F-9D8B-35DF91BE3B45}.Release|Any CPU.ActiveCfg = Release|Any CPU
		{0CA91D00-8E38-4B1F-9D8B-35DF91BE3B45}.Release|Any CPU.Build.0 = Release|Any CPU
		{B836BF68-9DB7-49D6-94E7-629EC2E51B75}.Debug|Any CPU.ActiveCfg = Debug|Any CPU
		{B836BF68-9DB7-49D6-94E7-629EC2E51B75}.Debug|Any CPU.Build.0 = Debug|Any CPU
		{B836BF68-9DB7-49D6-94E7-629EC2E51B75}.Release|Any CPU.ActiveCfg = Release|Any CPU
		{B836BF68-9DB7-49D6-94E7-629EC2E51B75}.Release|Any CPU.Build.0 = Release|Any CPU
		{32F56645-E481-4D2F-A22B-1770E67C7593}.Debug|Any CPU.ActiveCfg = Debug|Any CPU
		{32F56645-E481-4D2F-A22B-1770E67C7593}.Debug|Any CPU.Build.0 = Debug|Any CPU
		{32F56645-E481-4D2F-A22B-1770E67C7593}.Release|Any CPU.ActiveCfg = Release|Any CPU
		{32F56645-E481-4D2F-A22B-1770E67C7593}.Release|Any CPU.Build.0 = Release|Any CPU
		{1108BEF0-8738-4187-8B18-2FA3319C5CA6}.Debug|Any CPU.ActiveCfg = Debug|Any CPU
		{1108BEF0-8738-4187-8B18-2FA3319C5CA6}.Debug|Any CPU.Build.0 = Debug|Any CPU
		{1108BEF0-8738-4187-8B18-2FA3319C5CA6}.Release|Any CPU.ActiveCfg = Release|Any CPU
		{1108BEF0-8738-4187-8B18-2FA3319C5CA6}.Release|Any CPU.Build.0 = Release|Any CPU
		{7610A996-D5E4-4EA8-BACF-D823F44B51B5}.Debug|Any CPU.ActiveCfg = Debug|Any CPU
		{7610A996-D5E4-4EA8-BACF-D823F44B51B5}.Debug|Any CPU.Build.0 = Debug|Any CPU
		{7610A996-D5E4-4EA8-BACF-D823F44B51B5}.Release|Any CPU.ActiveCfg = Release|Any CPU
		{7610A996-D5E4-4EA8-BACF-D823F44B51B5}.Release|Any CPU.Build.0 = Release|Any CPU
		{D3E27A9D-6DA3-48FE-AA25-AA0E9B084C10}.Debug|Any CPU.ActiveCfg = Debug|Any CPU
		{D3E27A9D-6DA3-48FE-AA25-AA0E9B084C10}.Debug|Any CPU.Build.0 = Debug|Any CPU
		{D3E27A9D-6DA3-48FE-AA25-AA0E9B084C10}.Release|Any CPU.ActiveCfg = Release|Any CPU
		{D3E27A9D-6DA3-48FE-AA25-AA0E9B084C10}.Release|Any CPU.Build.0 = Release|Any CPU
		{5D5E182B-36E8-4E9C-827F-D466ACFA7924}.Debug|Any CPU.ActiveCfg = Debug|Any CPU
		{5D5E182B-36E8-4E9C-827F-D466ACFA7924}.Debug|Any CPU.Build.0 = Debug|Any CPU
		{5D5E182B-36E8-4E9C-827F-D466ACFA7924}.Release|Any CPU.ActiveCfg = Release|Any CPU
		{5D5E182B-36E8-4E9C-827F-D466ACFA7924}.Release|Any CPU.Build.0 = Release|Any CPU
		{D755FF89-2007-44F4-9AE0-9DE4E1CD5C3B}.Debug|Any CPU.ActiveCfg = Debug|Any CPU
		{D755FF89-2007-44F4-9AE0-9DE4E1CD5C3B}.Debug|Any CPU.Build.0 = Debug|Any CPU
		{D755FF89-2007-44F4-9AE0-9DE4E1CD5C3B}.Release|Any CPU.ActiveCfg = Release|Any CPU
		{D755FF89-2007-44F4-9AE0-9DE4E1CD5C3B}.Release|Any CPU.Build.0 = Release|Any CPU
		{B8F8EFFC-6518-4289-9DDC-003478886691}.Debug|Any CPU.ActiveCfg = Debug|Any CPU
		{B8F8EFFC-6518-4289-9DDC-003478886691}.Debug|Any CPU.Build.0 = Debug|Any CPU
		{B8F8EFFC-6518-4289-9DDC-003478886691}.Release|Any CPU.ActiveCfg = Release|Any CPU
		{B8F8EFFC-6518-4289-9DDC-003478886691}.Release|Any CPU.Build.0 = Release|Any CPU
		{BE9F9D4F-2AFB-4BDA-92B8-24B9305F61EB}.Debug|Any CPU.ActiveCfg = Debug|Any CPU
		{BE9F9D4F-2AFB-4BDA-92B8-24B9305F61EB}.Debug|Any CPU.Build.0 = Debug|Any CPU
		{BE9F9D4F-2AFB-4BDA-92B8-24B9305F61EB}.Release|Any CPU.ActiveCfg = Release|Any CPU
		{BE9F9D4F-2AFB-4BDA-92B8-24B9305F61EB}.Release|Any CPU.Build.0 = Release|Any CPU
		{EA6432DD-F974-4305-97F1-4141912E9B09}.Debug|Any CPU.ActiveCfg = Debug|Any CPU
		{EA6432DD-F974-4305-97F1-4141912E9B09}.Debug|Any CPU.Build.0 = Debug|Any CPU
		{EA6432DD-F974-4305-97F1-4141912E9B09}.Release|Any CPU.ActiveCfg = Release|Any CPU
		{EA6432DD-F974-4305-97F1-4141912E9B09}.Release|Any CPU.Build.0 = Release|Any CPU
		{C63D8465-1441-4538-8538-DAF0772101EA}.Debug|Any CPU.ActiveCfg = Debug|Any CPU
		{C63D8465-1441-4538-8538-DAF0772101EA}.Debug|Any CPU.Build.0 = Debug|Any CPU
		{C63D8465-1441-4538-8538-DAF0772101EA}.Release|Any CPU.ActiveCfg = Release|Any CPU
		{C63D8465-1441-4538-8538-DAF0772101EA}.Release|Any CPU.Build.0 = Release|Any CPU
		{4C0A9E8D-65AF-42A7-ADF4-7D6394C720EE}.Debug|Any CPU.ActiveCfg = Debug|Any CPU
		{4C0A9E8D-65AF-42A7-ADF4-7D6394C720EE}.Debug|Any CPU.Build.0 = Debug|Any CPU
		{4C0A9E8D-65AF-42A7-ADF4-7D6394C720EE}.Release|Any CPU.ActiveCfg = Release|Any CPU
		{4C0A9E8D-65AF-42A7-ADF4-7D6394C720EE}.Release|Any CPU.Build.0 = Release|Any CPU
		{B84EEC29-FEB5-4B77-BCC1-1829737EC2E6}.Debug|Any CPU.ActiveCfg = Debug|Any CPU
		{B84EEC29-FEB5-4B77-BCC1-1829737EC2E6}.Debug|Any CPU.Build.0 = Debug|Any CPU
		{B84EEC29-FEB5-4B77-BCC1-1829737EC2E6}.Release|Any CPU.ActiveCfg = Release|Any CPU
		{B84EEC29-FEB5-4B77-BCC1-1829737EC2E6}.Release|Any CPU.Build.0 = Release|Any CPU
		{0921F8C0-4486-4969-B92B-89C8522FCE4E}.Debug|Any CPU.ActiveCfg = Debug|Any CPU
		{0921F8C0-4486-4969-B92B-89C8522FCE4E}.Debug|Any CPU.Build.0 = Debug|Any CPU
		{0921F8C0-4486-4969-B92B-89C8522FCE4E}.Release|Any CPU.ActiveCfg = Release|Any CPU
		{0921F8C0-4486-4969-B92B-89C8522FCE4E}.Release|Any CPU.Build.0 = Release|Any CPU
		{42F25323-D4DD-42A7-9388-4FA3E57966EF}.Debug|Any CPU.ActiveCfg = Debug|Any CPU
		{42F25323-D4DD-42A7-9388-4FA3E57966EF}.Debug|Any CPU.Build.0 = Debug|Any CPU
		{42F25323-D4DD-42A7-9388-4FA3E57966EF}.Release|Any CPU.ActiveCfg = Release|Any CPU
		{42F25323-D4DD-42A7-9388-4FA3E57966EF}.Release|Any CPU.Build.0 = Release|Any CPU
		{00CE4653-4D5E-44F8-87D9-D536DC817C12}.Debug|Any CPU.ActiveCfg = Debug|Any CPU
		{00CE4653-4D5E-44F8-87D9-D536DC817C12}.Debug|Any CPU.Build.0 = Debug|Any CPU
		{00CE4653-4D5E-44F8-87D9-D536DC817C12}.Release|Any CPU.ActiveCfg = Release|Any CPU
		{00CE4653-4D5E-44F8-87D9-D536DC817C12}.Release|Any CPU.Build.0 = Release|Any CPU
		{CF5589C5-22EB-4757-B293-80B329A7FC3C}.Debug|Any CPU.ActiveCfg = Debug|Any CPU
		{CF5589C5-22EB-4757-B293-80B329A7FC3C}.Debug|Any CPU.Build.0 = Debug|Any CPU
		{CF5589C5-22EB-4757-B293-80B329A7FC3C}.Release|Any CPU.ActiveCfg = Release|Any CPU
		{CF5589C5-22EB-4757-B293-80B329A7FC3C}.Release|Any CPU.Build.0 = Release|Any CPU
		{0C3EAED0-7489-4E43-99CC-BE9F87767F17}.Debug|Any CPU.ActiveCfg = Debug|Any CPU
		{0C3EAED0-7489-4E43-99CC-BE9F87767F17}.Debug|Any CPU.Build.0 = Debug|Any CPU
		{0C3EAED0-7489-4E43-99CC-BE9F87767F17}.Release|Any CPU.ActiveCfg = Release|Any CPU
		{0C3EAED0-7489-4E43-99CC-BE9F87767F17}.Release|Any CPU.Build.0 = Release|Any CPU
		{1FA739D7-56BB-4BC1-9763-FA2457A6457D}.Debug|Any CPU.ActiveCfg = Debug|Any CPU
		{1FA739D7-56BB-4BC1-9763-FA2457A6457D}.Debug|Any CPU.Build.0 = Debug|Any CPU
		{1FA739D7-56BB-4BC1-9763-FA2457A6457D}.Release|Any CPU.ActiveCfg = Release|Any CPU
		{1FA739D7-56BB-4BC1-9763-FA2457A6457D}.Release|Any CPU.Build.0 = Release|Any CPU
		{BACBC97D-0B09-4063-B010-8E65B870EB21}.Debug|Any CPU.ActiveCfg = Debug|Any CPU
		{BACBC97D-0B09-4063-B010-8E65B870EB21}.Debug|Any CPU.Build.0 = Debug|Any CPU
		{BACBC97D-0B09-4063-B010-8E65B870EB21}.Release|Any CPU.ActiveCfg = Release|Any CPU
		{BACBC97D-0B09-4063-B010-8E65B870EB21}.Release|Any CPU.Build.0 = Release|Any CPU
		{699EF8C3-AA46-4C00-9D75-C30D21B61972}.Debug|Any CPU.ActiveCfg = Debug|Any CPU
		{699EF8C3-AA46-4C00-9D75-C30D21B61972}.Debug|Any CPU.Build.0 = Debug|Any CPU
		{699EF8C3-AA46-4C00-9D75-C30D21B61972}.Release|Any CPU.ActiveCfg = Release|Any CPU
		{699EF8C3-AA46-4C00-9D75-C30D21B61972}.Release|Any CPU.Build.0 = Release|Any CPU
		{A7D410A3-1A23-44E5-8351-BBA4B5CFE9EA}.Debug|Any CPU.ActiveCfg = Debug|Any CPU
		{A7D410A3-1A23-44E5-8351-BBA4B5CFE9EA}.Debug|Any CPU.Build.0 = Debug|Any CPU
		{A7D410A3-1A23-44E5-8351-BBA4B5CFE9EA}.Release|Any CPU.ActiveCfg = Release|Any CPU
		{A7D410A3-1A23-44E5-8351-BBA4B5CFE9EA}.Release|Any CPU.Build.0 = Release|Any CPU
	EndGlobalSection
	GlobalSection(SolutionProperties) = preSolution
		HideSolutionNode = FALSE
	EndGlobalSection
	GlobalSection(NestedProjects) = preSolution
		{520AB57B-DEE1-4BF1-BA73-E6F12B052F9A} = {C35DA563-9F32-4302-8AA9-D36634C0FA36}
		{5FAA0258-4018-4416-92D5-BF17BD44F5FB} = {C35DA563-9F32-4302-8AA9-D36634C0FA36}
		{BE314321-21C4-431B-AE0B-DDCF43D6095F} = {C35DA563-9F32-4302-8AA9-D36634C0FA36}
		{92195799-AB74-4D6F-BD66-651A5CB7FF13} = {C35DA563-9F32-4302-8AA9-D36634C0FA36}
		{8CDFB055-803D-449B-AF45-8F49310D38D9} = {C35DA563-9F32-4302-8AA9-D36634C0FA36}
		{0402C9A6-FAB8-4AD4-BF3C-C21AE1C687E2} = {C35DA563-9F32-4302-8AA9-D36634C0FA36}
		{53CEB30A-9F29-400D-B8CB-63C55B6B212A} = {C35DA563-9F32-4302-8AA9-D36634C0FA36}
		{A68FEA23-02A9-41F0-B10F-2A9CFB184C6C} = {C35DA563-9F32-4302-8AA9-D36634C0FA36}
		{5616DE94-0657-4286-AD45-02B50C692B74} = {C35DA563-9F32-4302-8AA9-D36634C0FA36}
		{2305597D-F166-48B8-9286-C75311AF50CA} = {C35DA563-9F32-4302-8AA9-D36634C0FA36}
		{F3CB4D49-42C0-4CB4-93E6-37D2EE6E1743} = {56927B5E-D7ED-4173-907B-5AB2FBD78B43}
		{DFB79BEE-1248-4D10-97E5-ADB594D4C87A} = {56927B5E-D7ED-4173-907B-5AB2FBD78B43}
		{7470C6F4-3D9A-49C5-AE9F-F11AB195ED2D} = {56927B5E-D7ED-4173-907B-5AB2FBD78B43}
		{C837035F-AFE6-4AD9-B2C2-A4F8938B1551} = {56927B5E-D7ED-4173-907B-5AB2FBD78B43}
		{5FD81083-33EC-4A44-A100-BC434BC8B480} = {56927B5E-D7ED-4173-907B-5AB2FBD78B43}
		{6DA2F99C-040B-4E20-A12A-3B09F706F17F} = {56927B5E-D7ED-4173-907B-5AB2FBD78B43}
		{3D0B72C3-15B4-440A-A8C8-FF53A5B99D4F} = {56927B5E-D7ED-4173-907B-5AB2FBD78B43}
		{C3FD0212-036C-4370-BADA-EE916D21CBA4} = {56927B5E-D7ED-4173-907B-5AB2FBD78B43}
		{BFD35694-7ECC-4278-913E-17572F708524} = {56927B5E-D7ED-4173-907B-5AB2FBD78B43}
		{F4203078-0F8F-4590-8EF0-03C7D425DAB8} = {56927B5E-D7ED-4173-907B-5AB2FBD78B43}
		{D4CBFEBD-2407-4C1E-99B0-D1170A5F9EFD} = {56927B5E-D7ED-4173-907B-5AB2FBD78B43}
		{696463D8-6A08-4BD5-B6A8-FDD9DB4F8AD4} = {56927B5E-D7ED-4173-907B-5AB2FBD78B43}
		{2FBCF4F5-F731-4ADC-B48E-1B12D0F10BD4} = {EE8B6ED6-0721-4CA9-8D92-FEF1F2F6FC1E}
		{0A79D783-5CCD-408C-89FF-77CCCB53192C} = {EE8B6ED6-0721-4CA9-8D92-FEF1F2F6FC1E}
		{F9CED454-5869-473F-B6B6-9E962B1DD5EB} = {EE8B6ED6-0721-4CA9-8D92-FEF1F2F6FC1E}
		{999A09AA-5443-4370-88F7-696403F2B5A2} = {EE8B6ED6-0721-4CA9-8D92-FEF1F2F6FC1E}
		{9532A0D8-B8B6-4511-AC99-E36EDF691BBE} = {EE8B6ED6-0721-4CA9-8D92-FEF1F2F6FC1E}
		{1F262335-83A7-4784-9779-EFCE54815DE4} = {EE8B6ED6-0721-4CA9-8D92-FEF1F2F6FC1E}
		{25CA0EE1-EFE8-421E-B3EB-E1E0BBE96E81} = {EE8B6ED6-0721-4CA9-8D92-FEF1F2F6FC1E}
		{8D19345E-CC70-4170-8F97-4A9CC3FEE9A1} = {EE8B6ED6-0721-4CA9-8D92-FEF1F2F6FC1E}
		{57566084-73A4-4E53-8734-B2E0F0CDBBDA} = {EE8B6ED6-0721-4CA9-8D92-FEF1F2F6FC1E}
		{0CA91D00-8E38-4B1F-9D8B-35DF91BE3B45} = {EE8B6ED6-0721-4CA9-8D92-FEF1F2F6FC1E}
		{B836BF68-9DB7-49D6-94E7-629EC2E51B75} = {EE8B6ED6-0721-4CA9-8D92-FEF1F2F6FC1E}
		{32F56645-E481-4D2F-A22B-1770E67C7593} = {EE8B6ED6-0721-4CA9-8D92-FEF1F2F6FC1E}
		{1108BEF0-8738-4187-8B18-2FA3319C5CA6} = {EE8B6ED6-0721-4CA9-8D92-FEF1F2F6FC1E}
		{7610A996-D5E4-4EA8-BACF-D823F44B51B5} = {EE8B6ED6-0721-4CA9-8D92-FEF1F2F6FC1E}
		{D3E27A9D-6DA3-48FE-AA25-AA0E9B084C10} = {EE8B6ED6-0721-4CA9-8D92-FEF1F2F6FC1E}
		{5D5E182B-36E8-4E9C-827F-D466ACFA7924} = {5CDBAD55-53A1-4783-A929-EF07B9BDE860}
		{D755FF89-2007-44F4-9AE0-9DE4E1CD5C3B} = {5CDBAD55-53A1-4783-A929-EF07B9BDE860}
		{B8F8EFFC-6518-4289-9DDC-003478886691} = {5CDBAD55-53A1-4783-A929-EF07B9BDE860}
		{BE9F9D4F-2AFB-4BDA-92B8-24B9305F61EB} = {5CDBAD55-53A1-4783-A929-EF07B9BDE860}
		{EA6432DD-F974-4305-97F1-4141912E9B09} = {5CDBAD55-53A1-4783-A929-EF07B9BDE860}
		{C63D8465-1441-4538-8538-DAF0772101EA} = {5CDBAD55-53A1-4783-A929-EF07B9BDE860}
		{4C0A9E8D-65AF-42A7-ADF4-7D6394C720EE} = {5CDBAD55-53A1-4783-A929-EF07B9BDE860}
		{B84EEC29-FEB5-4B77-BCC1-1829737EC2E6} = {5CDBAD55-53A1-4783-A929-EF07B9BDE860}
		{0921F8C0-4486-4969-B92B-89C8522FCE4E} = {5CDBAD55-53A1-4783-A929-EF07B9BDE860}
		{42F25323-D4DD-42A7-9388-4FA3E57966EF} = {5CDBAD55-53A1-4783-A929-EF07B9BDE860}
		{00CE4653-4D5E-44F8-87D9-D536DC817C12} = {5CDBAD55-53A1-4783-A929-EF07B9BDE860}
		{CF5589C5-22EB-4757-B293-80B329A7FC3C} = {5CDBAD55-53A1-4783-A929-EF07B9BDE860}
		{0C3EAED0-7489-4E43-99CC-BE9F87767F17} = {5CDBAD55-53A1-4783-A929-EF07B9BDE860}
		{1FA739D7-56BB-4BC1-9763-FA2457A6457D} = {5CDBAD55-53A1-4783-A929-EF07B9BDE860}
		{BACBC97D-0B09-4063-B010-8E65B870EB21} = {5CDBAD55-53A1-4783-A929-EF07B9BDE860}
		{699EF8C3-AA46-4C00-9D75-C30D21B61972} = {5CDBAD55-53A1-4783-A929-EF07B9BDE860}
		{A7D410A3-1A23-44E5-8351-BBA4B5CFE9EA} = {5CDBAD55-53A1-4783-A929-EF07B9BDE860}
	EndGlobalSection
	GlobalSection(ExtensibilityGlobals) = postSolution
		SolutionGuid = {7DB7B2EC-2695-486F-891E-F1247D360C19}
	EndGlobalSection
EndGlobal
